{
  "name": "nevis-mobile-authentication-sdk-react",
  "version": "1.0.0",
  "lockfileVersion": 1,
  "requires": true,
  "dependencies": {
    "@nevis-security/nevis-mobile-authentication-sdk-react": {
      "version": "3.5.1",
      "resolved": "https://registry.npmjs.org/@nevis-security/nevis-mobile-authentication-sdk-react/-/nevis-mobile-authentication-sdk-react-3.5.1.tgz",
      "integrity": "sha512-2m4ceOV3e00NTqAqm5cVFrCet2/gJbI26YPUKMya2nSShTcH5dXutLk7byrcBFmOUcK995GW4UuvlLjyHAFwOQ=="
    }
  }
}
